
Microsoft Visual Studio Solution File, Format Version 12.00
# Visual Studio Version 16
VisualStudioVersion = 16.0.30114.105
MinimumVisualStudioVersion = 10.0.40219.1
Project("{FAE04EC0-301F-11D3-BF4B-00C04F79EFBC}") = "ZhigalskyiL7", "ZhigalskyiL7\ZhigalskyiL7.csproj", "{E9BD36C1-22F5-4C8A-AAFF-D3B8236C2F70}"
EndProject
Global
	GlobalSection(SolutionConfigurationPlatforms) = preSolution
		Debug|Any CPU = Debug|Any CPU
		Release|Any CPU = Release|Any CPU
	EndGlobalSection
	GlobalSection(ProjectConfigurationPlatforms) = postSolution
		{E9BD36C1-22F5-4C8A-AAFF-D3B8236C2F70}.Debug|Any CPU.ActiveCfg = Debug|Any CPU
		{E9BD36C1-22F5-4C8A-AAFF-D3B8236C2F70}.Debug|Any CPU.Build.0 = Debug|Any CPU
		{E9BD36C1-22F5-4C8A-AAFF-D3B8236C2F70}.Release|Any CPU.ActiveCfg = Release|Any CPU
		{E9BD36C1-22F5-4C8A-AAFF-D3B8236C2F70}.Release|Any CPU.Build.0 = Release|Any CPU
	EndGlobalSection
	GlobalSection(SolutionProperties) = preSolution
		HideSolutionNode = FALSE
	EndGlobalSection
	GlobalSection(ExtensibilityGlobals) = postSolution
		SolutionGuid = {78666B84-2E41-4471-9B08-205C9C7679BE}
	EndGlobalSection
EndGlobal
